
Microsoft Visual Studio Solution File, Format Version 12.00
# Visual Studio Version 16
VisualStudioVersion = 16.0.32802.440
MinimumVisualStudioVersion = 10.0.40219.1
Project("{8BC9CEB8-8B4A-11D0-8D11-00A0C91BC942}") = "CS580HW1", "CS580HW1.vcxproj", "{9541ED5F-215F-4D83-AA92-6356DDF2698D}"
EndProject
Global
	GlobalSection(SolutionConfigurationPlatforms) = preSolution
		Debug|x86 = Debug|x86
		Release|x86 = Release|x86
	EndGlobalSection
	GlobalSection(ProjectConfigurationPlatforms) = postSolution
		{9541ED5F-215F-4D83-AA92-6356DDF2698D}.Debug|x86.ActiveCfg = Debug|Win32
		{9541ED5F-215F-4D83-AA92-6356DDF2698D}.Debug|x86.Build.0 = Debug|Win32
		{9541ED5F-215F-4D83-AA92-6356DDF2698D}.Release|x86.ActiveCfg = Release|Win32
		{9541ED5F-215F-4D83-AA92-6356DDF2698D}.Release|x86.Build.0 = Release|Win32
	EndGlobalSection
	GlobalSection(SolutionProperties) = preSolution
		HideSolutionNode = FALSE
	EndGlobalSection
	GlobalSection(ExtensibilityGlobals) = postSolution
		SolutionGuid = {76DA58A1-E9D7-4DC8-9D1E-32CBE6F62B5B}
	EndGlobalSection
EndGlobal
